
Microsoft Visual Studio Solution File, Format Version 11.00
# Visual Studio 2010
Project("{FAE04EC0-301F-11D3-BF4B-00C04F79EFBC}") = "softWrench", "softWrench.iOS\softWrench.csproj", "{62414593-8669-4927-9F3B-707201511CCD}"
EndProject
Project("{FAE04EC0-301F-11D3-BF4B-00C04F79EFBC}") = "softWrench.Mobile", "softWrench.Mobile\softWrench.Mobile.csproj", "{16982EB8-9CEC-4523-A5EB-965F233DFCF3}"
EndProject
Project("{2150E333-8FDC-42A3-9474-1A3956D46DE8}") = "assets", "assets", "{5F7C5A6C-2285-42B1-AB09-7BCF493D3310}"
	ProjectSection(SolutionItems) = preProject
		assets\29.png = assets\29.png
		assets\40.png = assets\40.png
		assets\50.png = assets\50.png
		assets\58.png = assets\58.png
		assets\72.png = assets\72.png
		assets\76.png = assets\76.png
		assets\80.png = assets\80.png
		assets\100.png = assets\100.png
		assets\144.png = assets\144.png
		assets\152.png = assets\152.png
		assets\57.png = assets\57.png
		assets\29.png = assets\29.png
		assets\itunes-ipad-screenshot-1.png = assets\itunes-ipad-screenshot-1.png
		assets\itunes-ipad-screenshot-2.png = assets\itunes-ipad-screenshot-2.png
		assets\itunes-ipad-screenshot-3.png = assets\itunes-ipad-screenshot-3.png
		assets\itunes-ipad-screenshot-4.png = assets\itunes-ipad-screenshot-4.png
	EndProjectSection
EndProject
Global
	GlobalSection(SolutionConfigurationPlatforms) = preSolution
		Debug|Any CPU = Debug|Any CPU
		Release|Any CPU = Release|Any CPU
		Debug|iPhoneSimulator = Debug|iPhoneSimulator
		Release|iPhoneSimulator = Release|iPhoneSimulator
		Debug|iPhone = Debug|iPhone
		Release|iPhone = Release|iPhone
		Ad-Hoc|iPhone = Ad-Hoc|iPhone
		AppStore|iPhone = AppStore|iPhone
	EndGlobalSection
	GlobalSection(ProjectConfigurationPlatforms) = postSolution
		{16982EB8-9CEC-4523-A5EB-965F233DFCF3}.Ad-Hoc|iPhone.ActiveCfg = Release|Any CPU
		{16982EB8-9CEC-4523-A5EB-965F233DFCF3}.Ad-Hoc|iPhone.Build.0 = Release|Any CPU
		{16982EB8-9CEC-4523-A5EB-965F233DFCF3}.AppStore|iPhone.ActiveCfg = Release|Any CPU
		{16982EB8-9CEC-4523-A5EB-965F233DFCF3}.AppStore|iPhone.Build.0 = Release|Any CPU
		{16982EB8-9CEC-4523-A5EB-965F233DFCF3}.Debug|Any CPU.ActiveCfg = Debug|Any CPU
		{16982EB8-9CEC-4523-A5EB-965F233DFCF3}.Debug|Any CPU.Build.0 = Debug|Any CPU
		{16982EB8-9CEC-4523-A5EB-965F233DFCF3}.Debug|iPhone.ActiveCfg = Debug|Any CPU
		{16982EB8-9CEC-4523-A5EB-965F233DFCF3}.Debug|iPhone.Build.0 = Debug|Any CPU
		{16982EB8-9CEC-4523-A5EB-965F233DFCF3}.Debug|iPhoneSimulator.ActiveCfg = Debug|Any CPU
		{16982EB8-9CEC-4523-A5EB-965F233DFCF3}.Debug|iPhoneSimulator.Build.0 = Debug|Any CPU
		{16982EB8-9CEC-4523-A5EB-965F233DFCF3}.Release|Any CPU.ActiveCfg = Release|Any CPU
		{16982EB8-9CEC-4523-A5EB-965F233DFCF3}.Release|Any CPU.Build.0 = Release|Any CPU
		{16982EB8-9CEC-4523-A5EB-965F233DFCF3}.Release|iPhone.ActiveCfg = Release|Any CPU
		{16982EB8-9CEC-4523-A5EB-965F233DFCF3}.Release|iPhone.Build.0 = Release|Any CPU
		{16982EB8-9CEC-4523-A5EB-965F233DFCF3}.Release|iPhoneSimulator.ActiveCfg = Release|Any CPU
		{16982EB8-9CEC-4523-A5EB-965F233DFCF3}.Release|iPhoneSimulator.Build.0 = Release|Any CPU
		{62414593-8669-4927-9F3B-707201511CCD}.Ad-Hoc|iPhone.ActiveCfg = Ad-Hoc|iPhone
		{62414593-8669-4927-9F3B-707201511CCD}.Ad-Hoc|iPhone.Build.0 = Ad-Hoc|iPhone
		{62414593-8669-4927-9F3B-707201511CCD}.AppStore|iPhone.ActiveCfg = AppStore|iPhone
		{62414593-8669-4927-9F3B-707201511CCD}.AppStore|iPhone.Build.0 = AppStore|iPhone
		{62414593-8669-4927-9F3B-707201511CCD}.Debug|Any CPU.ActiveCfg = Debug|iPhoneSimulator
		{62414593-8669-4927-9F3B-707201511CCD}.Debug|Any CPU.Build.0 = Debug|iPhoneSimulator
		{62414593-8669-4927-9F3B-707201511CCD}.Debug|iPhone.ActiveCfg = Debug|iPhone
		{62414593-8669-4927-9F3B-707201511CCD}.Debug|iPhone.Build.0 = Debug|iPhone
		{62414593-8669-4927-9F3B-707201511CCD}.Debug|iPhoneSimulator.ActiveCfg = Debug|iPhoneSimulator
		{62414593-8669-4927-9F3B-707201511CCD}.Debug|iPhoneSimulator.Build.0 = Debug|iPhoneSimulator
		{62414593-8669-4927-9F3B-707201511CCD}.Release|Any CPU.ActiveCfg = Release|iPhoneSimulator
		{62414593-8669-4927-9F3B-707201511CCD}.Release|Any CPU.Build.0 = Release|iPhoneSimulator
		{62414593-8669-4927-9F3B-707201511CCD}.Release|iPhone.ActiveCfg = Release|iPhone
		{62414593-8669-4927-9F3B-707201511CCD}.Release|iPhone.Build.0 = Release|iPhone
		{62414593-8669-4927-9F3B-707201511CCD}.Release|iPhoneSimulator.ActiveCfg = Release|iPhoneSimulator
		{62414593-8669-4927-9F3B-707201511CCD}.Release|iPhoneSimulator.Build.0 = Release|iPhoneSimulator
	EndGlobalSection
	GlobalSection(NestedProjects) = preSolution
	EndGlobalSection
	GlobalSection(MonoDevelopProperties) = preSolution
		StartupItem = softWrench.iOS\softWrench.csproj
		Policies = $0
		$0.TextStylePolicy = $1
		$1.inheritsSet = VisualStudio
		$1.inheritsScope = text/plain
		$1.scope = text/x-csharp
		$0.CSharpFormattingPolicy = $2
		$2.IndentSwitchBody = True
		$2.AnonymousMethodBraceStyle = NextLine
		$2.PropertyBraceStyle = NextLine
		$2.PropertyGetBraceStyle = NextLine
		$2.PropertySetBraceStyle = NextLine
		$2.EventBraceStyle = NextLine
		$2.EventAddBraceStyle = NextLine
		$2.EventRemoveBraceStyle = NextLine
		$2.StatementBraceStyle = NextLine
		$2.ElseNewLinePlacement = NewLine
		$2.CatchNewLinePlacement = NewLine
		$2.FinallyNewLinePlacement = NewLine
		$2.WhileNewLinePlacement = DoNotCare
		$2.ArrayInitializerWrapping = DoNotChange
		$2.ArrayInitializerBraceStyle = NextLine
		$2.BeforeMethodDeclarationParentheses = False
		$2.BeforeMethodCallParentheses = False
		$2.BeforeConstructorDeclarationParentheses = False
		$2.BeforeDelegateDeclarationParentheses = False
		$2.NewParentheses = False
		$2.SpacesBeforeBrackets = False
		$2.inheritsSet = Mono
		$2.inheritsScope = text/x-csharp
		$2.scope = text/x-csharp
		$0.TextStylePolicy = $3
		$3.FileWidth = 120
		$3.inheritsSet = VisualStudio
		$3.inheritsScope = text/plain
		$3.scope = text/plain
		$0.DotNetNamingPolicy = $4
		$4.DirectoryNamespaceAssociation = None
		$4.ResourceNamePolicy = FileFormatDefault
	EndGlobalSection
EndGlobal
